
Microsoft Visual Studio Solution File, Format Version 12.00
# Visual Studio Version 16
VisualStudioVersion = 16.0.31613.86
MinimumVisualStudioVersion = 10.0.40219.1
Project("{FAE04EC0-301F-11D3-BF4B-00C04F79EFBC}") = "Lab5", "Lab5\Lab5.csproj", "{6F1C3B3D-4EE0-4B75-BA5B-23CDB3B7C9DE}"
EndProject
Global
	GlobalSection(SolutionConfigurationPlatforms) = preSolution
		Debug|Any CPU = Debug|Any CPU
		Release|Any CPU = Release|Any CPU
	EndGlobalSection
	GlobalSection(ProjectConfigurationPlatforms) = postSolution
		{6F1C3B3D-4EE0-4B75-BA5B-23CDB3B7C9DE}.Debug|Any CPU.ActiveCfg = Debug|Any CPU
		{6F1C3B3D-4EE0-4B75-BA5B-23CDB3B7C9DE}.Debug|Any CPU.Build.0 = Debug|Any CPU
		{6F1C3B3D-4EE0-4B75-BA5B-23CDB3B7C9DE}.Release|Any CPU.ActiveCfg = Release|Any CPU
		{6F1C3B3D-4EE0-4B75-BA5B-23CDB3B7C9DE}.Release|Any CPU.Build.0 = Release|Any CPU
	EndGlobalSection
	GlobalSection(SolutionProperties) = preSolution
		HideSolutionNode = FALSE
	EndGlobalSection
	GlobalSection(ExtensibilityGlobals) = postSolution
		SolutionGuid = {09650152-3174-492F-938E-CBFA254F013D}
	EndGlobalSection
EndGlobal
